
Microsoft Visual Studio Solution File, Format Version 10.00
# Visual Studio 2008
Project("{FAE04EC0-301F-11D3-BF4B-00C04F79EFBC}") = "TF.Common", "TF.Common\TF.Common.csproj", "{880FFB80-104A-44B5-BEBE-5701829E8D9F}"
EndProject
Project("{E24C65DC-7377-472B-9ABA-BC803B73C61A}") = "测试网站", "..\测试网站\", "{0C457C62-4D53-42C5-9919-7EB30DC9A42A}"
	ProjectSection(WebsiteProperties) = preProject
		TargetFramework = "3.5"
		ProjectReferences = "{880FFB80-104A-44B5-BEBE-5701829E8D9F}|TF.Common.dll;{2E5E8D22-9FFB-442F-94DC-D328F82D2621}|ThinkFreely.DBUtility.dll;"
		Debug.AspNetCompiler.VirtualPath = "/测试网站"
		Debug.AspNetCompiler.PhysicalPath = "..\测试网站\"
		Debug.AspNetCompiler.TargetPath = "PrecompiledWeb\测试网站\"
		Debug.AspNetCompiler.Updateable = "true"
		Debug.AspNetCompiler.ForceOverwrite = "true"
		Debug.AspNetCompiler.FixedNames = "false"
		Debug.AspNetCompiler.Debug = "True"
		Release.AspNetCompiler.VirtualPath = "/测试网站"
		Release.AspNetCompiler.PhysicalPath = "..\测试网站\"
		Release.AspNetCompiler.TargetPath = "PrecompiledWeb\测试网站\"
		Release.AspNetCompiler.Updateable = "true"
		Release.AspNetCompiler.ForceOverwrite = "true"
		Release.AspNetCompiler.FixedNames = "false"
		Release.AspNetCompiler.Debug = "False"
		VWDPort = "4073"
		DefaultWebSiteLanguage = "Visual C#"
	EndProjectSection
EndProject
Project("{FAE04EC0-301F-11D3-BF4B-00C04F79EFBC}") = "ThinkFreely.DBUtility", "..\ThinkFreely.DBUtility\ThinkFreely.DBUtility\ThinkFreely.DBUtility.csproj", "{2E5E8D22-9FFB-442F-94DC-D328F82D2621}"
EndProject
Global
	GlobalSection(SolutionConfigurationPlatforms) = preSolution
		Debug|.NET = Debug|.NET
		Debug|Any CPU = Debug|Any CPU
		Debug|Mixed Platforms = Debug|Mixed Platforms
		Release|.NET = Release|.NET
		Release|Any CPU = Release|Any CPU
		Release|Mixed Platforms = Release|Mixed Platforms
	EndGlobalSection
	GlobalSection(ProjectConfigurationPlatforms) = postSolution
		{880FFB80-104A-44B5-BEBE-5701829E8D9F}.Debug|.NET.ActiveCfg = Debug|Any CPU
		{880FFB80-104A-44B5-BEBE-5701829E8D9F}.Debug|Any CPU.ActiveCfg = Debug|Any CPU
		{880FFB80-104A-44B5-BEBE-5701829E8D9F}.Debug|Any CPU.Build.0 = Debug|Any CPU
		{880FFB80-104A-44B5-BEBE-5701829E8D9F}.Debug|Mixed Platforms.ActiveCfg = Debug|Any CPU
		{880FFB80-104A-44B5-BEBE-5701829E8D9F}.Debug|Mixed Platforms.Build.0 = Debug|Any CPU
		{880FFB80-104A-44B5-BEBE-5701829E8D9F}.Release|.NET.ActiveCfg = Release|Any CPU
		{880FFB80-104A-44B5-BEBE-5701829E8D9F}.Release|Any CPU.ActiveCfg = Release|Any CPU
		{880FFB80-104A-44B5-BEBE-5701829E8D9F}.Release|Any CPU.Build.0 = Release|Any CPU
		{880FFB80-104A-44B5-BEBE-5701829E8D9F}.Release|Mixed Platforms.ActiveCfg = Release|Any CPU
		{880FFB80-104A-44B5-BEBE-5701829E8D9F}.Release|Mixed Platforms.Build.0 = Release|Any CPU
		{0C457C62-4D53-42C5-9919-7EB30DC9A42A}.Debug|.NET.ActiveCfg = Debug|.NET
		{0C457C62-4D53-42C5-9919-7EB30DC9A42A}.Debug|.NET.Build.0 = Debug|.NET
		{0C457C62-4D53-42C5-9919-7EB30DC9A42A}.Debug|Any CPU.ActiveCfg = Debug|.NET
		{0C457C62-4D53-42C5-9919-7EB30DC9A42A}.Debug|Mixed Platforms.ActiveCfg = Debug|.NET
		{0C457C62-4D53-42C5-9919-7EB30DC9A42A}.Debug|Mixed Platforms.Build.0 = Debug|.NET
		{0C457C62-4D53-42C5-9919-7EB30DC9A42A}.Release|.NET.ActiveCfg = Debug|.NET
		{0C457C62-4D53-42C5-9919-7EB30DC9A42A}.Release|.NET.Build.0 = Debug|.NET
		{0C457C62-4D53-42C5-9919-7EB30DC9A42A}.Release|Any CPU.ActiveCfg = Debug|.NET
		{0C457C62-4D53-42C5-9919-7EB30DC9A42A}.Release|Mixed Platforms.ActiveCfg = Debug|.NET
		{0C457C62-4D53-42C5-9919-7EB30DC9A42A}.Release|Mixed Platforms.Build.0 = Debug|.NET
		{2E5E8D22-9FFB-442F-94DC-D328F82D2621}.Debug|.NET.ActiveCfg = Debug|Any CPU
		{2E5E8D22-9FFB-442F-94DC-D328F82D2621}.Debug|Any CPU.ActiveCfg = Debug|Any CPU
		{2E5E8D22-9FFB-442F-94DC-D328F82D2621}.Debug|Any CPU.Build.0 = Debug|Any CPU
		{2E5E8D22-9FFB-442F-94DC-D328F82D2621}.Debug|Mixed Platforms.ActiveCfg = Debug|Any CPU
		{2E5E8D22-9FFB-442F-94DC-D328F82D2621}.Debug|Mixed Platforms.Build.0 = Debug|Any CPU
		{2E5E8D22-9FFB-442F-94DC-D328F82D2621}.Release|.NET.ActiveCfg = Release|Any CPU
		{2E5E8D22-9FFB-442F-94DC-D328F82D2621}.Release|Any CPU.ActiveCfg = Release|Any CPU
		{2E5E8D22-9FFB-442F-94DC-D328F82D2621}.Release|Any CPU.Build.0 = Release|Any CPU
		{2E5E8D22-9FFB-442F-94DC-D328F82D2621}.Release|Mixed Platforms.ActiveCfg = Release|Any CPU
		{2E5E8D22-9FFB-442F-94DC-D328F82D2621}.Release|Mixed Platforms.Build.0 = Release|Any CPU
	EndGlobalSection
	GlobalSection(SolutionProperties) = preSolution
		HideSolutionNode = FALSE
	EndGlobalSection
EndGlobal
